Microsoft Visual Studio Solution File, Format Version 11.00
# Visual Studio 2008

Project("{669D2BE9-8D56-8412-43C5-0A0628F0D546}") = "Neconin_1118", "Assembly-CSharp.csproj", "{8B64A148-78CA-A0CA-0FED-5015BE98B94F}"
EndProject
Project("{669D2BE9-8D56-8412-43C5-0A0628F0D546}") = "Neconin_1118", "Assembly-CSharp-Editor.csproj", "{16073DCE-1BAE-24F3-88A3-0D955C527288}"
EndProject
Global
	GlobalSection(SolutionConfigurationPlatforms) = preSolution
		Debug|Any CPU = Debug|Any CPU
		Release|Any CPU = Release|Any CPU
	EndGlobalSection
	GlobalSection(ProjectConfigurationPlatforms) = postSolution
		{8B64A148-78CA-A0CA-0FED-5015BE98B94F}.Debug|Any CPU.ActiveCfg = Debug|Any CPU
		{8B64A148-78CA-A0CA-0FED-5015BE98B94F}.Debug|Any CPU.Build.0 = Debug|Any CPU
		{8B64A148-78CA-A0CA-0FED-5015BE98B94F}.Release|Any CPU.ActiveCfg = Release|Any CPU
		{8B64A148-78CA-A0CA-0FED-5015BE98B94F}.Release|Any CPU.Build.0 = Release|Any CPU
		{16073DCE-1BAE-24F3-88A3-0D955C527288}.Debug|Any CPU.ActiveCfg = Debug|Any CPU
		{16073DCE-1BAE-24F3-88A3-0D955C527288}.Debug|Any CPU.Build.0 = Debug|Any CPU
		{16073DCE-1BAE-24F3-88A3-0D955C527288}.Release|Any CPU.ActiveCfg = Release|Any CPU
		{16073DCE-1BAE-24F3-88A3-0D955C527288}.Release|Any CPU.Build.0 = Release|Any CPU
	EndGlobalSection
	GlobalSection(SolutionProperties) = preSolution
		HideSolutionNode = FALSE
	EndGlobalSection
															GlobalSection(MonoDevelopProperties) = preSolution
		StartupItem = Assembly-CSharp.csproj
		Policies = $0
		$0.TextStylePolicy = $1
		$1.inheritsSet = null
		$1.scope = text/x-csharp
		$0.CSharpFormattingPolicy = $2
		$2.inheritsSet = Mono
		$2.inheritsScope = text/x-csharp
		$2.scope = text/x-csharp
		$0.TextStylePolicy = $3
		$3.FileWidth = 120
		$3.TabWidth = 4
		$3.IndentWidth = 4
		$3.EolMarker = Unix
		$3.inheritsSet = Mono
		$3.inheritsScope = text/plain
		$3.scope = text/plain
	EndGlobalSection

EndGlobal
