Microsoft Visual Studio Solution File, Format Version 11.00
# Visual Studio 2008

Project("{B69174C7-6F5E-A3DA-24C1-9C8348422611}") = "Neconin_Time_1112_saishin", "Assembly-CSharp.csproj", "{DF6F2869-87D1-CFF6-25F3-8D473E0B7DDB}"
EndProject
Project("{B69174C7-6F5E-A3DA-24C1-9C8348422611}") = "Neconin_Time_1112_saishin", "Assembly-CSharp-Editor.csproj", "{FE1B6A71-ED3E-C425-5350-9465E6623700}"
EndProject
Global
	GlobalSection(SolutionConfigurationPlatforms) = preSolution
		Debug|Any CPU = Debug|Any CPU
		Release|Any CPU = Release|Any CPU
	EndGlobalSection
	GlobalSection(ProjectConfigurationPlatforms) = postSolution
		{DF6F2869-87D1-CFF6-25F3-8D473E0B7DDB}.Debug|Any CPU.ActiveCfg = Debug|Any CPU
		{DF6F2869-87D1-CFF6-25F3-8D473E0B7DDB}.Debug|Any CPU.Build.0 = Debug|Any CPU
		{DF6F2869-87D1-CFF6-25F3-8D473E0B7DDB}.Release|Any CPU.ActiveCfg = Release|Any CPU
		{DF6F2869-87D1-CFF6-25F3-8D473E0B7DDB}.Release|Any CPU.Build.0 = Release|Any CPU
		{FE1B6A71-ED3E-C425-5350-9465E6623700}.Debug|Any CPU.ActiveCfg = Debug|Any CPU
		{FE1B6A71-ED3E-C425-5350-9465E6623700}.Debug|Any CPU.Build.0 = Debug|Any CPU
		{FE1B6A71-ED3E-C425-5350-9465E6623700}.Release|Any CPU.ActiveCfg = Release|Any CPU
		{FE1B6A71-ED3E-C425-5350-9465E6623700}.Release|Any CPU.Build.0 = Release|Any CPU
	EndGlobalSection
	GlobalSection(SolutionProperties) = preSolution
		HideSolutionNode = FALSE
	EndGlobalSection
											GlobalSection(MonoDevelopProperties) = preSolution
		StartupItem = Assembly-CSharp.csproj
		Policies = $0
		$0.TextStylePolicy = $1
		$1.inheritsSet = null
		$1.scope = text/x-csharp
		$0.CSharpFormattingPolicy = $2
		$2.inheritsSet = Mono
		$2.inheritsScope = text/x-csharp
		$2.scope = text/x-csharp
		$0.TextStylePolicy = $3
		$3.FileWidth = 120
		$3.TabWidth = 4
		$3.IndentWidth = 4
		$3.EolMarker = Unix
		$3.inheritsSet = Mono
		$3.inheritsScope = text/plain
		$3.scope = text/plain
	EndGlobalSection

EndGlobal
