Microsoft Visual Studio Solution File, Format Version 11.00
# Visual Studio 2008

Project("{E0DB0964-C83C-F2B9-AAA3-0FEA704E7397}") = "nekonin_1105_new", "Assembly-CSharp.csproj", "{C70EA831-AF43-1D8F-C3AB-B32A8684B280}"
EndProject
Project("{E0DB0964-C83C-F2B9-AAA3-0FEA704E7397}") = "nekonin_1105_new", "Assembly-CSharp-Editor.csproj", "{BC1EBD8C-A1E3-A499-0AC5-08A68942A910}"
EndProject
Global
	GlobalSection(SolutionConfigurationPlatforms) = preSolution
		Debug|Any CPU = Debug|Any CPU
		Release|Any CPU = Release|Any CPU
	EndGlobalSection
	GlobalSection(ProjectConfigurationPlatforms) = postSolution
		{C70EA831-AF43-1D8F-C3AB-B32A8684B280}.Debug|Any CPU.ActiveCfg = Debug|Any CPU
		{C70EA831-AF43-1D8F-C3AB-B32A8684B280}.Debug|Any CPU.Build.0 = Debug|Any CPU
		{C70EA831-AF43-1D8F-C3AB-B32A8684B280}.Release|Any CPU.ActiveCfg = Release|Any CPU
		{C70EA831-AF43-1D8F-C3AB-B32A8684B280}.Release|Any CPU.Build.0 = Release|Any CPU
		{BC1EBD8C-A1E3-A499-0AC5-08A68942A910}.Debug|Any CPU.ActiveCfg = Debug|Any CPU
		{BC1EBD8C-A1E3-A499-0AC5-08A68942A910}.Debug|Any CPU.Build.0 = Debug|Any CPU
		{BC1EBD8C-A1E3-A499-0AC5-08A68942A910}.Release|Any CPU.ActiveCfg = Release|Any CPU
		{BC1EBD8C-A1E3-A499-0AC5-08A68942A910}.Release|Any CPU.Build.0 = Release|Any CPU
	EndGlobalSection
	GlobalSection(SolutionProperties) = preSolution
		HideSolutionNode = FALSE
	EndGlobalSection
															GlobalSection(MonoDevelopProperties) = preSolution
		StartupItem = Assembly-CSharp.csproj
		Policies = $0
		$0.TextStylePolicy = $1
		$1.inheritsSet = null
		$1.scope = text/x-csharp
		$0.CSharpFormattingPolicy = $2
		$2.inheritsSet = Mono
		$2.inheritsScope = text/x-csharp
		$2.scope = text/x-csharp
		$0.TextStylePolicy = $3
		$3.FileWidth = 120
		$3.TabWidth = 4
		$3.IndentWidth = 4
		$3.EolMarker = Unix
		$3.inheritsSet = Mono
		$3.inheritsScope = text/plain
		$3.scope = text/plain
	EndGlobalSection

EndGlobal
