Microsoft Visual Studio Solution File, Format Version 11.00
# Visual Studio 2008

Project("{F8A100E9-E418-71C3-E62E-D48B2AF145CE}") = "nekonin_sprint3", "Assembly-CSharp.csproj", "{167782B8-7F33-6251-C1BA-4C1327B85102}"
EndProject
Project("{F8A100E9-E418-71C3-E62E-D48B2AF145CE}") = "nekonin_sprint3", "Assembly-CSharp-Editor.csproj", "{BC964970-9048-8145-DD7C-FA40643802CA}"
EndProject
Global
	GlobalSection(SolutionConfigurationPlatforms) = preSolution
		Debug|Any CPU = Debug|Any CPU
		Release|Any CPU = Release|Any CPU
	EndGlobalSection
	GlobalSection(ProjectConfigurationPlatforms) = postSolution
		{167782B8-7F33-6251-C1BA-4C1327B85102}.Debug|Any CPU.ActiveCfg = Debug|Any CPU
		{167782B8-7F33-6251-C1BA-4C1327B85102}.Debug|Any CPU.Build.0 = Debug|Any CPU
		{167782B8-7F33-6251-C1BA-4C1327B85102}.Release|Any CPU.ActiveCfg = Release|Any CPU
		{167782B8-7F33-6251-C1BA-4C1327B85102}.Release|Any CPU.Build.0 = Release|Any CPU
		{BC964970-9048-8145-DD7C-FA40643802CA}.Debug|Any CPU.ActiveCfg = Debug|Any CPU
		{BC964970-9048-8145-DD7C-FA40643802CA}.Debug|Any CPU.Build.0 = Debug|Any CPU
		{BC964970-9048-8145-DD7C-FA40643802CA}.Release|Any CPU.ActiveCfg = Release|Any CPU
		{BC964970-9048-8145-DD7C-FA40643802CA}.Release|Any CPU.Build.0 = Release|Any CPU
	EndGlobalSection
	GlobalSection(SolutionProperties) = preSolution
		HideSolutionNode = FALSE
	EndGlobalSection
	GlobalSection(MonoDevelopProperties) = preSolution
		StartupItem = Assembly-CSharp.csproj
		Policies = $0
		$0.TextStylePolicy = $1
		$1.inheritsSet = null
		$1.scope = text/x-csharp
		$0.CSharpFormattingPolicy = $2
		$2.inheritsSet = Mono
		$2.inheritsScope = text/x-csharp
		$2.scope = text/x-csharp
		$0.TextStylePolicy = $3
		$3.FileWidth = 120
		$3.TabWidth = 4
		$3.IndentWidth = 4
		$3.EolMarker = Unix
		$3.inheritsSet = Mono
		$3.inheritsScope = text/plain
		$3.scope = text/plain
	EndGlobalSection
EndGlobal
