Microsoft Visual Studio Solution File, Format Version 11.00
# Visual Studio 2008

Project("{3AA1BACA-FF78-A173-3697-48DB9C681EAB}") = "nekonin_sprint3_yk", "Assembly-CSharp.csproj", "{468BE6FC-670A-A462-A0CB-8523BAE0D169}"
EndProject
Project("{3AA1BACA-FF78-A173-3697-48DB9C681EAB}") = "nekonin_sprint3_yk", "Assembly-CSharp-Editor.csproj", "{9941AECB-B484-F647-5340-D96849598CD1}"
EndProject
Global
	GlobalSection(SolutionConfigurationPlatforms) = preSolution
		Debug|Any CPU = Debug|Any CPU
		Release|Any CPU = Release|Any CPU
	EndGlobalSection
	GlobalSection(ProjectConfigurationPlatforms) = postSolution
		{468BE6FC-670A-A462-A0CB-8523BAE0D169}.Debug|Any CPU.ActiveCfg = Debug|Any CPU
		{468BE6FC-670A-A462-A0CB-8523BAE0D169}.Debug|Any CPU.Build.0 = Debug|Any CPU
		{468BE6FC-670A-A462-A0CB-8523BAE0D169}.Release|Any CPU.ActiveCfg = Release|Any CPU
		{468BE6FC-670A-A462-A0CB-8523BAE0D169}.Release|Any CPU.Build.0 = Release|Any CPU
		{9941AECB-B484-F647-5340-D96849598CD1}.Debug|Any CPU.ActiveCfg = Debug|Any CPU
		{9941AECB-B484-F647-5340-D96849598CD1}.Debug|Any CPU.Build.0 = Debug|Any CPU
		{9941AECB-B484-F647-5340-D96849598CD1}.Release|Any CPU.ActiveCfg = Release|Any CPU
		{9941AECB-B484-F647-5340-D96849598CD1}.Release|Any CPU.Build.0 = Release|Any CPU
	EndGlobalSection
	GlobalSection(SolutionProperties) = preSolution
		HideSolutionNode = FALSE
	EndGlobalSection
								GlobalSection(MonoDevelopProperties) = preSolution
		StartupItem = Assembly-CSharp.csproj
		Policies = $0
		$0.TextStylePolicy = $1
		$1.inheritsSet = null
		$1.scope = text/x-csharp
		$0.CSharpFormattingPolicy = $2
		$2.inheritsSet = Mono
		$2.inheritsScope = text/x-csharp
		$2.scope = text/x-csharp
		$0.TextStylePolicy = $3
		$3.FileWidth = 120
		$3.TabWidth = 4
		$3.IndentWidth = 4
		$3.EolMarker = Unix
		$3.inheritsSet = Mono
		$3.inheritsScope = text/plain
		$3.scope = text/plain
	EndGlobalSection

EndGlobal
